// !$*UTF8*$!
{
	archiveVersion = 1;
	classes = {
	};
	objectVersion = 50;
	objects = {

/* Begin PBXBuildFile section */
		3FF9C39A2411665400728DD8 /* AppDelegate.swift in Sources */ = {isa = PBXBuildFile; fileRef = 3FF9C3992411665400728DD8 /* AppDelegate.swift */; };
		3FF9C39C2411665400728DD8 /* SceneDelegate.swift in Sources */ = {isa = PBXBuildFile; fileRef = 3FF9C39B2411665400728DD8 /* SceneDelegate.swift */; };
		3FF9C39E2411665400728DD8 /* ViewController.swift in Sources */ = {isa = PBXBuildFile; fileRef = 3FF9C39D2411665400728DD8 /* ViewController.swift */; };
		3FF9C3A12411665400728DD8 /* Main.storyboard in Resources */ = {isa = PBXBuildFile; fileRef = 3FF9C39F2411665400728DD8 /* Main.storyboard */; };
		3FF9C3A32411665500728DD8 /* Assets.xcassets in Resources */ = {isa = PBXBuildFile; fileRef = 3FF9C3A22411665500728DD8 /* Assets.xcassets */; };
		3FF9C3A62411665500728DD8 /* LaunchScreen.storyboard in Resources */ = {isa = PBXBuildFile; fileRef = 3FF9C3A42411665500728DD8 /* LaunchScreen.storyboard */; };
		3FF9C3AE2411669600728DD8 /* TimeCircuitsViewController.swift in Sources */ = {isa = PBXBuildFile; fileRef = 3FF9C3AD2411669600728DD8 /* TimeCircuitsViewController.swift */; };
		3FF9C3B0241166A200728DD8 /* DatePickerViewController.swift in Sources */ = {isa = PBXBuildFile; fileRef = 3FF9C3AF241166A200728DD8 /* DatePickerViewController.swift */; };
/* End PBXBuildFile section */

/* Begin PBXFileReference section */
		3FF9C3962411665400728DD8 /* outaTime.app */ = {isa = PBXFileReference; explicitFileType = wrapper.application; includeInIndex = 0; path = outaTime.app; sourceTree = BUILT_PRODUCTS_DIR; };
		3FF9C3992411665400728DD8 /* AppDelegate.swift */ = {isa = PBXFileReference; lastKnownFileType = sourcecode.swift; path = AppDelegate.swift; sourceTree = "<group>"; };
		3FF9C39B2411665400728DD8 /* SceneDelegate.swift */ = {isa = PBXFileReference; lastKnownFileType = sourcecode.swift; path = SceneDelegate.swift; sourceTree = "<group>"; };
		3FF9C39D2411665400728DD8 /* ViewController.swift */ = {isa = PBXFileReference; lastKnownFileType = sourcecode.swift; path = ViewController.swift; sourceTree = "<group>"; };
		3FF9C3A02411665400728DD8 /* Base */ = {isa = PBXFileReference; lastKnownFileType = file.storyboard; name = Base; path = Base.lproj/Main.storyboard; sourceTree = "<group>"; };
		3FF9C3A22411665500728DD8 /* Assets.xcassets */ = {isa = PBXFileReference; lastKnownFileType = folder.assetcatalog; path = Assets.xcassets; sourceTree = "<group>"; };
		3FF9C3A52411665500728DD8 /* Base */ = {isa = PBXFileReference; lastKnownFileType = file.storyboard; name = Base; path = Base.lproj/LaunchScreen.storyboard; sourceTree = "<group>"; };
		3FF9C3A72411665500728DD8 /* Info.plist */ = {isa = PBXFileReference; lastKnownFileType = text.plist.xml; path = Info.plist; sourceTree = "<group>"; };
		3FF9C3AD2411669600728DD8 /* TimeCircuitsViewController.swift */ = {isa = PBXFileReference; lastKnownFileType = sourcecode.swift; path = TimeCircuitsViewController.swift; sourceTree = "<group>"; };
		3FF9C3AF241166A200728DD8 /* DatePickerViewController.swift */ = {isa = PBXFileReference; lastKnownFileType = sourcecode.swift; path = DatePickerViewController.swift; sourceTree = "<group>"; };
		3FF9C3B224116A5900728DD8 /* digital-7.ttf */ = {isa = PBXFileReference; lastKnownFileType = file; name = "digital-7.ttf"; path = "../../digital-7.ttf"; sourceTree = "<group>"; };
/* End PBXFileReference section */

/* Begin PBXFrameworksBuildPhase section */
		3FF9C3932411665400728DD8 /* Frameworks */ = {
			isa = PBXFrameworksBuildPhase;
			buildActionMask = 2147483647;
			files = (
			);
			runOnlyForDeploymentPostprocessing = 0;
		};
/* End PBXFrameworksBuildPhase section */

/* Begin PBXGroup section */
		3FF9C38D2411665400728DD8 = {
			isa = PBXGroup;
			children = (
				3FF9C3982411665400728DD8 /* outaTime */,
				3FF9C3972411665400728DD8 /* Products */,
			);
			sourceTree = "<group>";
		};
		3FF9C3972411665400728DD8 /* Products */ = {
			isa = PBXGroup;
			children = (
				3FF9C3962411665400728DD8 /* outaTime.app */,
			);
			name = Products;
			sourceTree = "<group>";
		};
		3FF9C3982411665400728DD8 /* outaTime */ = {
			isa = PBXGroup;
			children = (
				3FF9C3992411665400728DD8 /* AppDelegate.swift */,
				3FF9C39B2411665400728DD8 /* SceneDelegate.swift */,
				3FF9C39D2411665400728DD8 /* ViewController.swift */,
				3FF9C39F2411665400728DD8 /* Main.storyboard */,
				3FF9C3AD2411669600728DD8 /* TimeCircuitsViewController.swift */,
				3FF9C3B224116A5900728DD8 /* digital-7.ttf */,
				3FF9C3AF241166A200728DD8 /* DatePickerViewController.swift */,
				3FF9C3A22411665500728DD8 /* Assets.xcassets */,
				3FF9C3A42411665500728DD8 /* LaunchScreen.storyboard */,
				3FF9C3A72411665500728DD8 /* Info.plist */,
			);
			path = outaTime;
			sourceTree = "<group>";
		};
/* End PBXGroup section */

/* Begin PBXNativeTarget section */
		3FF9C3952411665400728DD8 /* outaTime */ = {
			isa = PBXNativeTarget;
			buildConfigurationList = 3FF9C3AA2411665500728DD8 /* Build configuration list for PBXNativeTarget "outaTime" */;
			buildPhases = (
				3FF9C3922411665400728DD8 /* Sources */,
				3FF9C3932411665400728DD8 /* Frameworks */,
				3FF9C3942411665400728DD8 /* Resources */,
			);
			buildRules = (
			);
			dependencies = (
			);
			name = outaTime;
			productName = outaTime;
			productReference = 3FF9C3962411665400728DD8 /* outaTime.app */;
			productType = "com.apple.product-type.application";
		};
/* End PBXNativeTarget section */

/* Begin PBXProject section */
		3FF9C38E2411665400728DD8 /* Project object */ = {
			isa = PBXProject;
			attributes = {
				LastSwiftUpdateCheck = 1120;
				LastUpgradeCheck = 1120;
				ORGANIZATIONNAME = thewire;
				TargetAttributes = {
					3FF9C3952411665400728DD8 = {
						CreatedOnToolsVersion = 11.2.1;
					};
				};
			};
			buildConfigurationList = 3FF9C3912411665400728DD8 /* Build configuration list for PBXProject "outaTime" */;
			compatibilityVersion = "Xcode 9.3";
			developmentRegion = en;
			hasScannedForEncodings = 0;
			knownRegions = (
				en,
				Base,
			);
			mainGroup = 3FF9C38D2411665400728DD8;
			productRefGroup = 3FF9C3972411665400728DD8 /* Products */;
			projectDirPath = "";
			projectRoot = "";
			targets = (
				3FF9C3952411665400728DD8 /* outaTime */,
			);
		};
/* End PBXProject section */

/* Begin PBXResourcesBuildPhase section */
		3FF9C3942411665400728DD8 /* Resources */ = {
			isa = PBXResourcesBuildPhase;
			buildActionMask = 2147483647;
			files = (
				3FF9C3A62411665500728DD8 /* LaunchScreen.storyboard in Resources */,
				3FF9C3A32411665500728DD8 /* Assets.xcassets in Resources */,
				3FF9C3A12411665400728DD8 /* Main.storyboard in Resources */,
			);
			runOnlyForDeploymentPostprocessing = 0;
		};
/* End PBXResourcesBuildPhase section */

/* Begin PBXSourcesBuildPhase section */
		3FF9C3922411665400728DD8 /* Sources */ = {
			isa = PBXSourcesBuildPhase;
			buildActionMask = 2147483647;
			files = (
				3FF9C39E2411665400728DD8 /* ViewController.swift in Sources */,
				3FF9C3B0241166A200728DD8 /* DatePickerViewController.swift in Sources */,
				3FF9C39A2411665400728DD8 /* AppDelegate.swift in Sources */,
				3FF9C3AE2411669600728DD8 /* TimeCircuitsViewController.swift in Sources */,
				3FF9C39C2411665400728DD8 /* SceneDelegate.swift in Sources */,
			);
			runOnlyForDeploymentPostprocessing = 0;
		};
/* End PBXSourcesBuildPhase section */

/* Begin PBXVariantGroup section */
		3FF9C39F2411665400728DD8 /* Main.storyboard */ = {
			isa = PBXVariantGroup;
			children = (
				3FF9C3A02411665400728DD8 /* Base */,
			);
			name = Main.storyboard;
			sourceTree = "<group>";
		};
		3FF9C3A42411665500728DD8 /* LaunchScreen.storyboard */ = {
			isa = PBXVariantGroup;
			children = (
				3FF9C3A52411665500728DD8 /* Base */,
			);
			name = LaunchScreen.storyboard;
			sourceTree = "<group>";
		};
/* End PBXVariantGroup section */

/* Begin XCBuildConfiguration section */
		3FF9C3A82411665500728DD8 /* Debug */ = {
			isa = XCBuildConfiguration;
			buildSettings = {
				ALWAYS_SEARCH_USER_PATHS = NO;
				CLANG_ANALYZER_NONNULL = YES;
				CLANG_ANALYZER_NUMBER_OBJECT_CONVERSION = YES_AGGRESSIVE;
				CLANG_CXX_LANGUAGE_STANDARD = "gnu++14";
				CLANG_CXX_LIBRARY = "libc++";
				CLANG_ENABLE_MODULES = YES;
				CLANG_ENABLE_OBJC_ARC = YES;
				CLANG_ENABLE_OBJC_WEAK = YES;
				CLANG_WARN_BLOCK_CAPTURE_AUTORELEASING = YES;
				CLANG_WARN_BOOL_CONVERSION = YES;
				CLANG_WARN_COMMA = YES;
				CLANG_WARN_CONSTANT_CONVERSION = YES;
				CLANG_WARN_DEPRECATED_OBJC_IMPLEMENTATIONS = YES;
				CLANG_WARN_DIRECT_OBJC_ISA_USAGE = YES_ERROR;
				CLANG_WARN_DOCUMENTATION_COMMENTS = YES;
				CLANG_WARN_EMPTY_BODY = YES;
				CLANG_WARN_ENUM_CONVERSION = YES;
				CLANG_WARN_INFINITE_RECURSION = YES;
				CLANG_WARN_INT_CONVERSION = YES;
				CLANG_WARN_NON_LITERAL_NULL_CONVERSION = YES;
				CLANG_WARN_OBJC_IMPLICIT_RETAIN_SELF = YES;
				CLANG_WARN_OBJC_LITERAL_CONVERSION = YES;
				CLANG_WARN_OBJC_ROOT_CLASS = YES_ERROR;
				CLANG_WARN_RANGE_LOOP_ANALYSIS = YES;
				CLANG_WARN_STRICT_PROTOTYPES = YES;
				CLANG_WARN_SUSPICIOUS_MOVE = YES;
				CLANG_WARN_UNGUARDED_AVAILABILITY = YES_AGGRESSIVE;
				CLANG_WARN_UNREACHABLE_CODE = YES;
				CLANG_WARN__DUPLICATE_METHOD_MATCH = YES;
				COPY_PHASE_STRIP = NO;
				DEBUG_INFORMATION_FORMAT = dwarf;
				ENABLE_STRICT_OBJC_MSGSEND = YES;
				ENABLE_TESTABILITY = YES;
				GCC_C_LANGUAGE_STANDARD = gnu11;
				GCC_DYNAMIC_NO_PIC = NO;
				GCC_NO_COMMON_BLOCKS = YES;
				GCC_OPTIMIZATION_LEVEL = 0;
				GCC_PREPROCESSOR_DEFINITIONS = (
					"DEBUG=1",
					"$(inherited)",
				);
				GCC_WARN_64_TO_32_BIT_CONVERSION = YES;
				GCC_WARN_ABOUT_RETURN_TYPE = YES_ERROR;
				GCC_WARN_UNDECLARED_SELECTOR = YES;
				GCC_WARN_UNINITIALIZED_AUTOS = YES_AGGRESSIVE;
				GCC_WARN_UNUSED_FUNCTION = YES;
				GCC_WARN_UNUSED_VARIABLE = YES;
				IPHONEOS_DEPLOYMENT_TARGET = 13.2;
				MTL_ENABLE_DEBUG_INFO = INCLUDE_SOURCE;
				MTL_FAST_MATH = YES;
				ONLY_ACTIVE_ARCH = YES;
				SDKROOT = iphoneos;
				SWIFT_ACTIVE_COMPILATION_CONDITIONS = DEBUG;
				SWIFT_OPTIMIZATION_LEVEL = "-Onone";
			};
			name = Debug;
		};
		3FF9C3A92411665500728DD8 /* Release */ = {
			isa = XCBuildConfiguration;
			buildSettings = {
				ALWAYS_SEARCH_USER_PATHS = NO;
				CLANG_ANALYZER_NONNULL = YES;
				CLANG_ANALYZER_NUMBER_OBJECT_CONVERSION = YES_AGGRESSIVE;
				CLANG_CXX_LANGUAGE_STANDARD = "gnu++14";
				CLANG_CXX_LIBRARY = "libc++";
				CLANG_ENABLE_MODULES = YES;
				CLANG_ENABLE_OBJC_ARC = YES;
				CLANG_ENABLE_OBJC_WEAK = YES;
				CLANG_WARN_BLOCK_CAPTURE_AUTORELEASING = YES;
				CLANG_WARN_BOOL_CONVERSION = YES;
				CLANG_WARN_COMMA = YES;
				CLANG_WARN_CONSTANT_CONVERSION = YES;
				CLANG_WARN_DEPRECATED_OBJC_IMPLEMENTATIONS = YES;
				CLANG_WARN_DIRECT_OBJC_ISA_USAGE = YES_ERROR;
				CLANG_WARN_DOCUMENTATION_COMMENTS = YES;
				CLANG_WARN_EMPTY_BODY = YES;
				CLANG_WARN_ENUM_CONVERSION = YES;
				CLANG_WARN_INFINITE_RECURSION = YES;
				CLANG_WARN_INT_CONVERSION = YES;
				CLANG_WARN_NON_LITERAL_NULL_CONVERSION = YES;
				CLANG_WARN_OBJC_IMPLICIT_RETAIN_SELF = YES;
				CLANG_WARN_OBJC_LITERAL_CONVERSION = YES;
				CLANG_WARN_OBJC_ROOT_CLASS = YES_ERROR;
				CLANG_WARN_RANGE_LOOP_ANALYSIS = YES;
				CLANG_WARN_STRICT_PROTOTYPES = YES;
				CLANG_WARN_SUSPICIOUS_MOVE = YES;
				CLANG_WARN_UNGUARDED_AVAILABILITY = YES_AGGRESSIVE;
				CLANG_WARN_UNREACHABLE_CODE = YES;
				CLANG_WARN__DUPLICATE_METHOD_MATCH = YES;
				COPY_PHASE_STRIP = NO;
				DEBUG_INFORMATION_FORMAT = "dwarf-with-dsym";
				ENABLE_NS_ASSERTIONS = NO;
				ENABLE_STRICT_OBJC_MSGSEND = YES;
				GCC_C_LANGUAGE_STANDARD = gnu11;
				GCC_NO_COMMON_BLOCKS = YES;
				GCC_WARN_64_TO_32_BIT_CONVERSION = YES;
				GCC_WARN_ABOUT_RETURN_TYPE = YES_ERROR;
				GCC_WARN_UNDECLARED_SELECTOR = YES;
				GCC_WARN_UNINITIALIZED_AUTOS = YES_AGGRESSIVE;
				GCC_WARN_UNUSED_FUNCTION = YES;
				GCC_WARN_UNUSED_VARIABLE = YES;
				IPHONEOS_DEPLOYMENT_TARGET = 13.2;
				MTL_ENABLE_DEBUG_INFO = NO;
				MTL_FAST_MATH = YES;
				SDKROOT = iphoneos;
				SWIFT_COMPILATION_MODE = wholemodule;
				SWIFT_OPTIMIZATION_LEVEL = "-O";
				VALIDATE_PRODUCT = YES;
			};
			name = Release;
		};
		3FF9C3AB2411665500728DD8 /* Debug */ = {
			isa = XCBuildConfiguration;
			buildSettings = {
				ASSETCATALOG_COMPILER_APPICON_NAME = AppIcon;
				CODE_SIGN_STYLE = Automatic;
				INFOPLIST_FILE = outaTime/Info.plist;
				LD_RUNPATH_SEARCH_PATHS = (
					"$(inherited)",
					"@executable_path/Frameworks",
				);
				PRODUCT_BUNDLE_IDENTIFIER = com.example.outaTime;
				PRODUCT_NAME = "$(TARGET_NAME)";
				SWIFT_VERSION = 5.0;
				TARGETED_DEVICE_FAMILY = "1,2";
			};
			name = Debug;
		};
		3FF9C3AC2411665500728DD8 /* Release */ = {
			isa = XCBuildConfiguration;
			buildSettings = {
				ASSETCATALOG_COMPILER_APPICON_NAME = AppIcon;
				CODE_SIGN_STYLE = Automatic;
				INFOPLIST_FILE = outaTime/Info.plist;
				LD_RUNPATH_SEARCH_PATHS = (
					"$(inherited)",
					"@executable_path/Frameworks",
				);
				PRODUCT_BUNDLE_IDENTIFIER = com.example.outaTime;
				PRODUCT_NAME = "$(TARGET_NAME)";
				SWIFT_VERSION = 5.0;
				TARGETED_DEVICE_FAMILY = "1,2";
			};
			name = Release;
		};
/* End XCBuildConfiguration section */

/* Begin XCConfigurationList section */
		3FF9C3912411665400728DD8 /* Build configuration list for PBXProject "outaTime" */ = {
			isa = XCConfigurationList;
			buildConfigurations = (
				3FF9C3A82411665500728DD8 /* Debug */,
				3FF9C3A92411665500728DD8 /* Release */,
			);
			defaultConfigurationIsVisible = 0;
			defaultConfigurationName = Release;
		};
		3FF9C3AA2411665500728DD8 /* Build configuration list for PBXNativeTarget "outaTime" */ = {
			isa = XCConfigurationList;
			buildConfigurations = (
				3FF9C3AB2411665500728DD8 /* Debug */,
				3FF9C3AC2411665500728DD8 /* Release */,
			);
			defaultConfigurationIsVisible = 0;
			defaultConfigurationName = Release;
		};
/* End XCConfigurationList section */
	};
	rootObject = 3FF9C38E2411665400728DD8 /* Project object */;
}
